
Microsoft Visual Studio Solution File, Format Version 12.00
# Visual Studio Version 17
VisualStudioVersion = 17.2.32616.157
MinimumVisualStudioVersion = 10.0.40219.1
Project("{FAE04EC0-301F-11D3-BF4B-00C04F79EFBC}") = "Campus", "Campus\Campus.csproj", "{71AB5683-B6D7-45EB-AFF8-4268F045013A}"
EndProject
Global
	GlobalSection(SolutionConfigurationPlatforms) = preSolution
		Debug|Any CPU = Debug|Any CPU
		Release|Any CPU = Release|Any CPU
	EndGlobalSection
	GlobalSection(ProjectConfigurationPlatforms) = postSolution
		{71AB5683-B6D7-45EB-AFF8-4268F045013A}.Debug|Any CPU.ActiveCfg = Debug|Any CPU
		{71AB5683-B6D7-45EB-AFF8-4268F045013A}.Debug|Any CPU.Build.0 = Debug|Any CPU
		{71AB5683-B6D7-45EB-AFF8-4268F045013A}.Release|Any CPU.ActiveCfg = Release|Any CPU
		{71AB5683-B6D7-45EB-AFF8-4268F045013A}.Release|Any CPU.Build.0 = Release|Any CPU
	EndGlobalSection
	GlobalSection(SolutionProperties) = preSolution
		HideSolutionNode = FALSE
	EndGlobalSection
	GlobalSection(ExtensibilityGlobals) = postSolution
		SolutionGuid = {7497802E-D9E0-4382-87E0-AB046AC60642}
	EndGlobalSection
EndGlobal
